
Microsoft Visual Studio Solution File, Format Version 12.00
# Visual Studio 15
VisualStudioVersion = 15.0.28010.2003
MinimumVisualStudioVersion = 10.0.40219.1
Project("{FAE04EC0-301F-11D3-BF4B-00C04F79EFBC}") = "awinsor_HangMan", "awinsor_HangMan\awinsor_HangMan.csproj", "{ADAE78C6-6942-4C6C-A8D9-0E98F2402EAE}"
EndProject
Global
	GlobalSection(SolutionConfigurationPlatforms) = preSolution
		Debug|Any CPU = Debug|Any CPU
		Release|Any CPU = Release|Any CPU
	EndGlobalSection
	GlobalSection(ProjectConfigurationPlatforms) = postSolution
		{ADAE78C6-6942-4C6C-A8D9-0E98F2402EAE}.Debug|Any CPU.ActiveCfg = Debug|Any CPU
		{ADAE78C6-6942-4C6C-A8D9-0E98F2402EAE}.Debug|Any CPU.Build.0 = Debug|Any CPU
		{ADAE78C6-6942-4C6C-A8D9-0E98F2402EAE}.Release|Any CPU.ActiveCfg = Release|Any CPU
		{ADAE78C6-6942-4C6C-A8D9-0E98F2402EAE}.Release|Any CPU.Build.0 = Release|Any CPU
	EndGlobalSection
	GlobalSection(SolutionProperties) = preSolution
		HideSolutionNode = FALSE
	EndGlobalSection
	GlobalSection(ExtensibilityGlobals) = postSolution
		SolutionGuid = {00E126E5-7CBF-4FAE-9E22-F5DD11924E89}
	EndGlobalSection
EndGlobal
