
Microsoft Visual Studio Solution File, Format Version 12.00
# Visual Studio 15
VisualStudioVersion = 15.0.28010.2003
MinimumVisualStudioVersion = 10.0.40219.1
Project("{FAE04EC0-301F-11D3-BF4B-00C04F79EFBC}") = "awinsor_CaesarCipher", "awinsor_CaesarCipher\awinsor_CaesarCipher.csproj", "{D4B725E8-6D1C-4A3C-A798-9E8624932707}"
EndProject
Global
	GlobalSection(SolutionConfigurationPlatforms) = preSolution
		Debug|Any CPU = Debug|Any CPU
		Release|Any CPU = Release|Any CPU
	EndGlobalSection
	GlobalSection(ProjectConfigurationPlatforms) = postSolution
		{D4B725E8-6D1C-4A3C-A798-9E8624932707}.Debug|Any CPU.ActiveCfg = Debug|Any CPU
		{D4B725E8-6D1C-4A3C-A798-9E8624932707}.Debug|Any CPU.Build.0 = Debug|Any CPU
		{D4B725E8-6D1C-4A3C-A798-9E8624932707}.Release|Any CPU.ActiveCfg = Release|Any CPU
		{D4B725E8-6D1C-4A3C-A798-9E8624932707}.Release|Any CPU.Build.0 = Release|Any CPU
	EndGlobalSection
	GlobalSection(SolutionProperties) = preSolution
		HideSolutionNode = FALSE
	EndGlobalSection
	GlobalSection(ExtensibilityGlobals) = postSolution
		SolutionGuid = {E3434611-1A8F-4199-A623-5F9B18007CA9}
	EndGlobalSection
EndGlobal
