
Microsoft Visual Studio Solution File, Format Version 12.00
# Visual Studio 15
VisualStudioVersion = 15.0.28010.2003
MinimumVisualStudioVersion = 10.0.40219.1
Project("{FAE04EC0-301F-11D3-BF4B-00C04F79EFBC}") = "RecursionChallenge_awinsor", "RecursionChallenge_awinsor\RecursionChallenge_awinsor.csproj", "{0AEA1F9E-8DB4-4DEE-A425-5384638E5199}"
EndProject
Global
	GlobalSection(SolutionConfigurationPlatforms) = preSolution
		Debug|Any CPU = Debug|Any CPU
		Release|Any CPU = Release|Any CPU
	EndGlobalSection
	GlobalSection(ProjectConfigurationPlatforms) = postSolution
		{0AEA1F9E-8DB4-4DEE-A425-5384638E5199}.Debug|Any CPU.ActiveCfg = Debug|Any CPU
		{0AEA1F9E-8DB4-4DEE-A425-5384638E5199}.Debug|Any CPU.Build.0 = Debug|Any CPU
		{0AEA1F9E-8DB4-4DEE-A425-5384638E5199}.Release|Any CPU.ActiveCfg = Release|Any CPU
		{0AEA1F9E-8DB4-4DEE-A425-5384638E5199}.Release|Any CPU.Build.0 = Release|Any CPU
	EndGlobalSection
	GlobalSection(SolutionProperties) = preSolution
		HideSolutionNode = FALSE
	EndGlobalSection
	GlobalSection(ExtensibilityGlobals) = postSolution
		SolutionGuid = {B9095543-6BBC-46BD-B3CD-4F613B7E98A2}
	EndGlobalSection
EndGlobal
