
Microsoft Visual Studio Solution File, Format Version 12.00
# Visual Studio 15
Project("{FAE04EC0-301F-11D3-BF4B-00C04F79EFBC}") = "awinsor_Testing", "Assembly-CSharp.csproj", "{73CF4B20-02E3-E01D-C96E-D718D6C90247}"
EndProject
Global
	GlobalSection(SolutionConfigurationPlatforms) = preSolution
		Debug|Any CPU = Debug|Any CPU
		Release|Any CPU = Release|Any CPU
	EndGlobalSection
	GlobalSection(ProjectConfigurationPlatforms) = postSolution
		{73CF4B20-02E3-E01D-C96E-D718D6C90247}.Debug|Any CPU.ActiveCfg = Debug|Any CPU
		{73CF4B20-02E3-E01D-C96E-D718D6C90247}.Debug|Any CPU.Build.0 = Debug|Any CPU
		{73CF4B20-02E3-E01D-C96E-D718D6C90247}.Release|Any CPU.ActiveCfg = Release|Any CPU
		{73CF4B20-02E3-E01D-C96E-D718D6C90247}.Release|Any CPU.Build.0 = Release|Any CPU
	EndGlobalSection
	GlobalSection(SolutionProperties) = preSolution
		HideSolutionNode = FALSE
	EndGlobalSection
EndGlobal
