
Microsoft Visual Studio Solution File, Format Version 12.00
# Visual Studio 15
VisualStudioVersion = 15.0.28010.2003
MinimumVisualStudioVersion = 10.0.40219.1
Project("{FAE04EC0-301F-11D3-BF4B-00C04F79EFBC}") = "awinsor_TicTacToe", "awinsor_TicTacToe\awinsor_TicTacToe.csproj", "{F09EBECA-BA4F-4A53-B704-4EEC16F0B9D8}"
EndProject
Global
	GlobalSection(SolutionConfigurationPlatforms) = preSolution
		Debug|Any CPU = Debug|Any CPU
		Release|Any CPU = Release|Any CPU
	EndGlobalSection
	GlobalSection(ProjectConfigurationPlatforms) = postSolution
		{F09EBECA-BA4F-4A53-B704-4EEC16F0B9D8}.Debug|Any CPU.ActiveCfg = Debug|Any CPU
		{F09EBECA-BA4F-4A53-B704-4EEC16F0B9D8}.Debug|Any CPU.Build.0 = Debug|Any CPU
		{F09EBECA-BA4F-4A53-B704-4EEC16F0B9D8}.Release|Any CPU.ActiveCfg = Release|Any CPU
		{F09EBECA-BA4F-4A53-B704-4EEC16F0B9D8}.Release|Any CPU.Build.0 = Release|Any CPU
	EndGlobalSection
	GlobalSection(SolutionProperties) = preSolution
		HideSolutionNode = FALSE
	EndGlobalSection
	GlobalSection(ExtensibilityGlobals) = postSolution
		SolutionGuid = {1839EBF7-CCF5-46BF-891B-5597586CB6F0}
	EndGlobalSection
EndGlobal
