
Microsoft Visual Studio Solution File, Format Version 12.00
# Visual Studio 15
VisualStudioVersion = 15.0.28010.2003
MinimumVisualStudioVersion = 10.0.40219.1
Project("{FAE04EC0-301F-11D3-BF4B-00C04F79EFBC}") = "Shapes", "Shapes\Shapes.csproj", "{FAC032F0-6E24-4893-BCDA-DFE252FDE275}"
EndProject
Global
	GlobalSection(SolutionConfigurationPlatforms) = preSolution
		Debug|Any CPU = Debug|Any CPU
		Release|Any CPU = Release|Any CPU
	EndGlobalSection
	GlobalSection(ProjectConfigurationPlatforms) = postSolution
		{FAC032F0-6E24-4893-BCDA-DFE252FDE275}.Debug|Any CPU.ActiveCfg = Debug|Any CPU
		{FAC032F0-6E24-4893-BCDA-DFE252FDE275}.Debug|Any CPU.Build.0 = Debug|Any CPU
		{FAC032F0-6E24-4893-BCDA-DFE252FDE275}.Release|Any CPU.ActiveCfg = Release|Any CPU
		{FAC032F0-6E24-4893-BCDA-DFE252FDE275}.Release|Any CPU.Build.0 = Release|Any CPU
	EndGlobalSection
	GlobalSection(SolutionProperties) = preSolution
		HideSolutionNode = FALSE
	EndGlobalSection
	GlobalSection(ExtensibilityGlobals) = postSolution
		SolutionGuid = {654CBC25-4587-40EB-9C47-EDA61BD308BC}
	EndGlobalSection
EndGlobal
